
Microsoft Visual Studio Solution File, Format Version 12.00
# Visual Studio Version 17
VisualStudioVersion = 17.9.34728.123
MinimumVisualStudioVersion = 10.0.40219.1
Project("{FAE04EC0-301F-11D3-BF4B-00C04F79EFBC}") = "rockPaperScissors", "rockPaperScissors.csproj", "{73CF063C-2027-4282-8D31-7026ADD5419F}"
EndProject
Global
	GlobalSection(SolutionConfigurationPlatforms) = preSolution
		Debug|Any CPU = Debug|Any CPU
		Release|Any CPU = Release|Any CPU
	EndGlobalSection
	GlobalSection(ProjectConfigurationPlatforms) = postSolution
		{73CF063C-2027-4282-8D31-7026ADD5419F}.Debug|Any CPU.ActiveCfg = Debug|Any CPU
		{73CF063C-2027-4282-8D31-7026ADD5419F}.Debug|Any CPU.Build.0 = Debug|Any CPU
		{73CF063C-2027-4282-8D31-7026ADD5419F}.Release|Any CPU.ActiveCfg = Release|Any CPU
		{73CF063C-2027-4282-8D31-7026ADD5419F}.Release|Any CPU.Build.0 = Release|Any CPU
	EndGlobalSection
	GlobalSection(SolutionProperties) = preSolution
		HideSolutionNode = FALSE
	EndGlobalSection
	GlobalSection(ExtensibilityGlobals) = postSolution
		SolutionGuid = {15A9430C-7A3D-41AF-93FE-5FC8C33C46E4}
	EndGlobalSection
EndGlobal
